
Microsoft Visual Studio Solution File, Format Version 12.00
# Visual Studio 2012
Project("{FAE04EC0-301F-11D3-BF4B-00C04F79EFBC}") = "Task9", "Task9\Task9.csproj", "{3AF97AF8-320E-403B-8163-B9BEEC639C5B}"
EndProject
Global
	GlobalSection(SolutionConfigurationPlatforms) = preSolution
		Debug|x86 = Debug|x86
		Release|x86 = Release|x86
	EndGlobalSection
	GlobalSection(ProjectConfigurationPlatforms) = postSolution
		{3AF97AF8-320E-403B-8163-B9BEEC639C5B}.Debug|x86.ActiveCfg = Debug|x86
		{3AF97AF8-320E-403B-8163-B9BEEC639C5B}.Debug|x86.Build.0 = Debug|x86
		{3AF97AF8-320E-403B-8163-B9BEEC639C5B}.Release|x86.ActiveCfg = Release|x86
		{3AF97AF8-320E-403B-8163-B9BEEC639C5B}.Release|x86.Build.0 = Release|x86
	EndGlobalSection
	GlobalSection(MonoDevelopProperties) = preSolution
		StartupItem = Task9\Task9.csproj
	EndGlobalSection
EndGlobal
