
Microsoft Visual Studio Solution File, Format Version 12.00
# Visual Studio 2012
Project("{FAE04EC0-301F-11D3-BF4B-00C04F79EFBC}") = "Task7", "Task7\Task7.csproj", "{491A1757-93AF-4C51-AAA8-1D87FB5E034B}"
EndProject
Global
	GlobalSection(SolutionConfigurationPlatforms) = preSolution
		Debug|x86 = Debug|x86
		Release|x86 = Release|x86
	EndGlobalSection
	GlobalSection(ProjectConfigurationPlatforms) = postSolution
		{491A1757-93AF-4C51-AAA8-1D87FB5E034B}.Debug|x86.ActiveCfg = Debug|x86
		{491A1757-93AF-4C51-AAA8-1D87FB5E034B}.Debug|x86.Build.0 = Debug|x86
		{491A1757-93AF-4C51-AAA8-1D87FB5E034B}.Release|x86.ActiveCfg = Release|x86
		{491A1757-93AF-4C51-AAA8-1D87FB5E034B}.Release|x86.Build.0 = Release|x86
	EndGlobalSection
	GlobalSection(MonoDevelopProperties) = preSolution
		StartupItem = Task7\Task7.csproj
	EndGlobalSection
EndGlobal
