
Microsoft Visual Studio Solution File, Format Version 12.00
# Visual Studio 2012
Project("{FAE04EC0-301F-11D3-BF4B-00C04F79EFBC}") = "loop1", "loop1\loop1.csproj", "{43C5C04E-971F-498C-9F27-E03DB2257F41}"
EndProject
Global
	GlobalSection(SolutionConfigurationPlatforms) = preSolution
		Debug|x86 = Debug|x86
		Release|x86 = Release|x86
	EndGlobalSection
	GlobalSection(ProjectConfigurationPlatforms) = postSolution
		{43C5C04E-971F-498C-9F27-E03DB2257F41}.Debug|x86.ActiveCfg = Debug|x86
		{43C5C04E-971F-498C-9F27-E03DB2257F41}.Debug|x86.Build.0 = Debug|x86
		{43C5C04E-971F-498C-9F27-E03DB2257F41}.Release|x86.ActiveCfg = Release|x86
		{43C5C04E-971F-498C-9F27-E03DB2257F41}.Release|x86.Build.0 = Release|x86
	EndGlobalSection
	GlobalSection(MonoDevelopProperties) = preSolution
		StartupItem = loop1\loop1.csproj
	EndGlobalSection
EndGlobal
