
Microsoft Visual Studio Solution File, Format Version 12.00
# Visual Studio 2013
VisualStudioVersion = 12.0.31101.0
MinimumVisualStudioVersion = 10.0.40219.1
Project("{FAE04EC0-301F-11D3-BF4B-00C04F79EFBC}") = "Example 1", "Example 1\Example 1.csproj", "{88CC3AC2-8574-4D81-AF9F-72B7484101C2}"
EndProject
Project("{FAE04EC0-301F-11D3-BF4B-00C04F79EFBC}") = "Example 2", "Example 2\Example 2.csproj", "{74B40D08-5F7D-413D-84E5-4DABE5B4C0A5}"
EndProject
Project("{FAE04EC0-301F-11D3-BF4B-00C04F79EFBC}") = "Example 3", "Example 3\Example 3.csproj", "{E5DA0AEC-A676-44E7-B954-BBAE02D91B8F}"
EndProject
Project("{FAE04EC0-301F-11D3-BF4B-00C04F79EFBC}") = "Task 1", "Task 1\Task 1.csproj", "{0936E79E-988E-41B5-B107-16A0080FD966}"
EndProject
Global
	GlobalSection(SolutionConfigurationPlatforms) = preSolution
		Debug|Any CPU = Debug|Any CPU
		Release|Any CPU = Release|Any CPU
	EndGlobalSection
	GlobalSection(ProjectConfigurationPlatforms) = postSolution
		{88CC3AC2-8574-4D81-AF9F-72B7484101C2}.Debug|Any CPU.ActiveCfg = Debug|Any CPU
		{88CC3AC2-8574-4D81-AF9F-72B7484101C2}.Debug|Any CPU.Build.0 = Debug|Any CPU
		{88CC3AC2-8574-4D81-AF9F-72B7484101C2}.Release|Any CPU.ActiveCfg = Release|Any CPU
		{88CC3AC2-8574-4D81-AF9F-72B7484101C2}.Release|Any CPU.Build.0 = Release|Any CPU
		{74B40D08-5F7D-413D-84E5-4DABE5B4C0A5}.Debug|Any CPU.ActiveCfg = Debug|Any CPU
		{74B40D08-5F7D-413D-84E5-4DABE5B4C0A5}.Debug|Any CPU.Build.0 = Debug|Any CPU
		{74B40D08-5F7D-413D-84E5-4DABE5B4C0A5}.Release|Any CPU.ActiveCfg = Release|Any CPU
		{74B40D08-5F7D-413D-84E5-4DABE5B4C0A5}.Release|Any CPU.Build.0 = Release|Any CPU
		{E5DA0AEC-A676-44E7-B954-BBAE02D91B8F}.Debug|Any CPU.ActiveCfg = Debug|Any CPU
		{E5DA0AEC-A676-44E7-B954-BBAE02D91B8F}.Debug|Any CPU.Build.0 = Debug|Any CPU
		{E5DA0AEC-A676-44E7-B954-BBAE02D91B8F}.Release|Any CPU.ActiveCfg = Release|Any CPU
		{E5DA0AEC-A676-44E7-B954-BBAE02D91B8F}.Release|Any CPU.Build.0 = Release|Any CPU
		{0936E79E-988E-41B5-B107-16A0080FD966}.Debug|Any CPU.ActiveCfg = Debug|Any CPU
		{0936E79E-988E-41B5-B107-16A0080FD966}.Debug|Any CPU.Build.0 = Debug|Any CPU
		{0936E79E-988E-41B5-B107-16A0080FD966}.Release|Any CPU.ActiveCfg = Release|Any CPU
		{0936E79E-988E-41B5-B107-16A0080FD966}.Release|Any CPU.Build.0 = Release|Any CPU
	EndGlobalSection
	GlobalSection(SolutionProperties) = preSolution
		HideSolutionNode = FALSE
	EndGlobalSection
EndGlobal
