
Microsoft Visual Studio Solution File, Format Version 12.00
# Visual Studio 14
VisualStudioVersion = 14.0.23107.0
MinimumVisualStudioVersion = 10.0.40219.1
Project("{FAE04EC0-301F-11D3-BF4B-00C04F79EFBC}") = "Task1", "Task1\Task1.csproj", "{D35EF647-043D-4CC9-9E4E-303E558C93B9}"
EndProject
Project("{FAE04EC0-301F-11D3-BF4B-00C04F79EFBC}") = "Task2", "Task2\Task2.csproj", "{A809BF47-198C-40A8-9130-B498A2FF640B}"
EndProject
Project("{FAE04EC0-301F-11D3-BF4B-00C04F79EFBC}") = "Task3", "Task3\Task3.csproj", "{E5CD64CE-2249-4B72-81D1-F6901752D49E}"
EndProject
Project("{FAE04EC0-301F-11D3-BF4B-00C04F79EFBC}") = "Task4", "Task4\Task4.csproj", "{1900695E-3C88-461A-9834-9D947EEE45B8}"
EndProject
Project("{FAE04EC0-301F-11D3-BF4B-00C04F79EFBC}") = "Task5", "Task5\Task5.csproj", "{B1EC44A6-4D54-44F9-A527-F68FD75765FE}"
EndProject
Project("{FAE04EC0-301F-11D3-BF4B-00C04F79EFBC}") = "Task6", "Task6\Task6.csproj", "{6D6DE6FD-7FA7-4C59-B402-684210A14FF3}"
EndProject
Project("{FAE04EC0-301F-11D3-BF4B-00C04F79EFBC}") = "Task7", "Task7\Task7.csproj", "{947CD039-51EC-4C36-95EA-209D0DEFBA78}"
EndProject
Project("{FAE04EC0-301F-11D3-BF4B-00C04F79EFBC}") = "Task8", "Task8\Task8.csproj", "{BE2A779B-E93C-4E86-A7E4-0B1AFC3224B7}"
EndProject
Project("{FAE04EC0-301F-11D3-BF4B-00C04F79EFBC}") = "Task9", "Task9\Task9.csproj", "{E1DF1DAE-128A-4B28-B444-2F7B28E28FAF}"
EndProject
Project("{FAE04EC0-301F-11D3-BF4B-00C04F79EFBC}") = "Task10", "Task10\Task10.csproj", "{A25CCA8C-1D2E-4949-BEBE-D6B5A9A5C71D}"
EndProject
Global
	GlobalSection(SolutionConfigurationPlatforms) = preSolution
		Debug|Any CPU = Debug|Any CPU
		Release|Any CPU = Release|Any CPU
	EndGlobalSection
	GlobalSection(ProjectConfigurationPlatforms) = postSolution
		{D35EF647-043D-4CC9-9E4E-303E558C93B9}.Debug|Any CPU.ActiveCfg = Debug|Any CPU
		{D35EF647-043D-4CC9-9E4E-303E558C93B9}.Debug|Any CPU.Build.0 = Debug|Any CPU
		{D35EF647-043D-4CC9-9E4E-303E558C93B9}.Release|Any CPU.ActiveCfg = Release|Any CPU
		{D35EF647-043D-4CC9-9E4E-303E558C93B9}.Release|Any CPU.Build.0 = Release|Any CPU
		{A809BF47-198C-40A8-9130-B498A2FF640B}.Debug|Any CPU.ActiveCfg = Debug|Any CPU
		{A809BF47-198C-40A8-9130-B498A2FF640B}.Debug|Any CPU.Build.0 = Debug|Any CPU
		{A809BF47-198C-40A8-9130-B498A2FF640B}.Release|Any CPU.ActiveCfg = Release|Any CPU
		{A809BF47-198C-40A8-9130-B498A2FF640B}.Release|Any CPU.Build.0 = Release|Any CPU
		{E5CD64CE-2249-4B72-81D1-F6901752D49E}.Debug|Any CPU.ActiveCfg = Debug|Any CPU
		{E5CD64CE-2249-4B72-81D1-F6901752D49E}.Debug|Any CPU.Build.0 = Debug|Any CPU
		{E5CD64CE-2249-4B72-81D1-F6901752D49E}.Release|Any CPU.ActiveCfg = Release|Any CPU
		{E5CD64CE-2249-4B72-81D1-F6901752D49E}.Release|Any CPU.Build.0 = Release|Any CPU
		{1900695E-3C88-461A-9834-9D947EEE45B8}.Debug|Any CPU.ActiveCfg = Debug|Any CPU
		{1900695E-3C88-461A-9834-9D947EEE45B8}.Debug|Any CPU.Build.0 = Debug|Any CPU
		{1900695E-3C88-461A-9834-9D947EEE45B8}.Release|Any CPU.ActiveCfg = Release|Any CPU
		{1900695E-3C88-461A-9834-9D947EEE45B8}.Release|Any CPU.Build.0 = Release|Any CPU
		{B1EC44A6-4D54-44F9-A527-F68FD75765FE}.Debug|Any CPU.ActiveCfg = Debug|Any CPU
		{B1EC44A6-4D54-44F9-A527-F68FD75765FE}.Debug|Any CPU.Build.0 = Debug|Any CPU
		{B1EC44A6-4D54-44F9-A527-F68FD75765FE}.Release|Any CPU.ActiveCfg = Release|Any CPU
		{B1EC44A6-4D54-44F9-A527-F68FD75765FE}.Release|Any CPU.Build.0 = Release|Any CPU
		{6D6DE6FD-7FA7-4C59-B402-684210A14FF3}.Debug|Any CPU.ActiveCfg = Debug|Any CPU
		{6D6DE6FD-7FA7-4C59-B402-684210A14FF3}.Debug|Any CPU.Build.0 = Debug|Any CPU
		{6D6DE6FD-7FA7-4C59-B402-684210A14FF3}.Release|Any CPU.ActiveCfg = Release|Any CPU
		{6D6DE6FD-7FA7-4C59-B402-684210A14FF3}.Release|Any CPU.Build.0 = Release|Any CPU
		{947CD039-51EC-4C36-95EA-209D0DEFBA78}.Debug|Any CPU.ActiveCfg = Debug|Any CPU
		{947CD039-51EC-4C36-95EA-209D0DEFBA78}.Debug|Any CPU.Build.0 = Debug|Any CPU
		{947CD039-51EC-4C36-95EA-209D0DEFBA78}.Release|Any CPU.ActiveCfg = Release|Any CPU
		{947CD039-51EC-4C36-95EA-209D0DEFBA78}.Release|Any CPU.Build.0 = Release|Any CPU
		{BE2A779B-E93C-4E86-A7E4-0B1AFC3224B7}.Debug|Any CPU.ActiveCfg = Debug|Any CPU
		{BE2A779B-E93C-4E86-A7E4-0B1AFC3224B7}.Debug|Any CPU.Build.0 = Debug|Any CPU
		{BE2A779B-E93C-4E86-A7E4-0B1AFC3224B7}.Release|Any CPU.ActiveCfg = Release|Any CPU
		{BE2A779B-E93C-4E86-A7E4-0B1AFC3224B7}.Release|Any CPU.Build.0 = Release|Any CPU
		{E1DF1DAE-128A-4B28-B444-2F7B28E28FAF}.Debug|Any CPU.ActiveCfg = Debug|Any CPU
		{E1DF1DAE-128A-4B28-B444-2F7B28E28FAF}.Debug|Any CPU.Build.0 = Debug|Any CPU
		{E1DF1DAE-128A-4B28-B444-2F7B28E28FAF}.Release|Any CPU.ActiveCfg = Release|Any CPU
		{E1DF1DAE-128A-4B28-B444-2F7B28E28FAF}.Release|Any CPU.Build.0 = Release|Any CPU
		{A25CCA8C-1D2E-4949-BEBE-D6B5A9A5C71D}.Debug|Any CPU.ActiveCfg = Debug|Any CPU
		{A25CCA8C-1D2E-4949-BEBE-D6B5A9A5C71D}.Debug|Any CPU.Build.0 = Debug|Any CPU
		{A25CCA8C-1D2E-4949-BEBE-D6B5A9A5C71D}.Release|Any CPU.ActiveCfg = Release|Any CPU
		{A25CCA8C-1D2E-4949-BEBE-D6B5A9A5C71D}.Release|Any CPU.Build.0 = Release|Any CPU
	EndGlobalSection
	GlobalSection(SolutionProperties) = preSolution
		HideSolutionNode = FALSE
	EndGlobalSection
EndGlobal
