
Microsoft Visual Studio Solution File, Format Version 12.00
# Visual Studio 2012
Project("{FAE04EC0-301F-11D3-BF4B-00C04F79EFBC}") = "Task15", "Task15\Task15.csproj", "{B57EAD00-D387-40C6-999B-36CABE366669}"
EndProject
Global
	GlobalSection(SolutionConfigurationPlatforms) = preSolution
		Debug|x86 = Debug|x86
		Release|x86 = Release|x86
	EndGlobalSection
	GlobalSection(ProjectConfigurationPlatforms) = postSolution
		{B57EAD00-D387-40C6-999B-36CABE366669}.Debug|x86.ActiveCfg = Debug|x86
		{B57EAD00-D387-40C6-999B-36CABE366669}.Debug|x86.Build.0 = Debug|x86
		{B57EAD00-D387-40C6-999B-36CABE366669}.Release|x86.ActiveCfg = Release|x86
		{B57EAD00-D387-40C6-999B-36CABE366669}.Release|x86.Build.0 = Release|x86
	EndGlobalSection
	GlobalSection(MonoDevelopProperties) = preSolution
		StartupItem = Task15\Task15.csproj
	EndGlobalSection
EndGlobal
